
Microsoft Visual Studio Solution File, Format Version 12.00
# Visual Studio 14
VisualStudioVersion = 14.0.25420.1
MinimumVisualStudioVersion = 10.0.40219.1
Project("{F184B08F-C81C-45F6-A57F-5ABD9991F28F}") = "ProjectGUI", "QLHSGUI\ProjectGUI.vbproj", "{75486DBC-7E69-44CB-BE7B-7CFF5C48B90E}"
EndProject
Project("{F184B08F-C81C-45F6-A57F-5ABD9991F28F}") = "ProjectBUS", "QLHS1BUS\ProjectBUS.vbproj", "{89503D9D-294E-40E0-8C3D-D38F73A629D9}"
EndProject
Project("{F184B08F-C81C-45F6-A57F-5ABD9991F28F}") = "ProjectDAL", "QLHS1DAL\ProjectDAL.vbproj", "{0EFDA6DA-251A-457D-8398-E0178033124C}"
EndProject
Project("{F184B08F-C81C-45F6-A57F-5ABD9991F28F}") = "ProjectDTO", "QLHS1DTO\ProjectDTO.vbproj", "{25CA7F8F-D495-4843-8E13-133F9E7920B8}"
EndProject
Project("{F184B08F-C81C-45F6-A57F-5ABD9991F28F}") = "Utility", "Utility\Utility.vbproj", "{AC9D408A-10A6-4E83-9944-4B2864C6BA53}"
EndProject
Global
	GlobalSection(SolutionConfigurationPlatforms) = preSolution
		Debug|Any CPU = Debug|Any CPU
		Release|Any CPU = Release|Any CPU
	EndGlobalSection
	GlobalSection(ProjectConfigurationPlatforms) = postSolution
		{75486DBC-7E69-44CB-BE7B-7CFF5C48B90E}.Debug|Any CPU.ActiveCfg = Debug|Any CPU
		{75486DBC-7E69-44CB-BE7B-7CFF5C48B90E}.Debug|Any CPU.Build.0 = Debug|Any CPU
		{75486DBC-7E69-44CB-BE7B-7CFF5C48B90E}.Release|Any CPU.ActiveCfg = Release|Any CPU
		{75486DBC-7E69-44CB-BE7B-7CFF5C48B90E}.Release|Any CPU.Build.0 = Release|Any CPU
		{89503D9D-294E-40E0-8C3D-D38F73A629D9}.Debug|Any CPU.ActiveCfg = Debug|Any CPU
		{89503D9D-294E-40E0-8C3D-D38F73A629D9}.Debug|Any CPU.Build.0 = Debug|Any CPU
		{89503D9D-294E-40E0-8C3D-D38F73A629D9}.Release|Any CPU.ActiveCfg = Release|Any CPU
		{89503D9D-294E-40E0-8C3D-D38F73A629D9}.Release|Any CPU.Build.0 = Release|Any CPU
		{0EFDA6DA-251A-457D-8398-E0178033124C}.Debug|Any CPU.ActiveCfg = Debug|Any CPU
		{0EFDA6DA-251A-457D-8398-E0178033124C}.Debug|Any CPU.Build.0 = Debug|Any CPU
		{0EFDA6DA-251A-457D-8398-E0178033124C}.Release|Any CPU.ActiveCfg = Release|Any CPU
		{0EFDA6DA-251A-457D-8398-E0178033124C}.Release|Any CPU.Build.0 = Release|Any CPU
		{25CA7F8F-D495-4843-8E13-133F9E7920B8}.Debug|Any CPU.ActiveCfg = Debug|Any CPU
		{25CA7F8F-D495-4843-8E13-133F9E7920B8}.Debug|Any CPU.Build.0 = Debug|Any CPU
		{25CA7F8F-D495-4843-8E13-133F9E7920B8}.Release|Any CPU.ActiveCfg = Release|Any CPU
		{25CA7F8F-D495-4843-8E13-133F9E7920B8}.Release|Any CPU.Build.0 = Release|Any CPU
		{AC9D408A-10A6-4E83-9944-4B2864C6BA53}.Debug|Any CPU.ActiveCfg = Debug|Any CPU
		{AC9D408A-10A6-4E83-9944-4B2864C6BA53}.Debug|Any CPU.Build.0 = Debug|Any CPU
		{AC9D408A-10A6-4E83-9944-4B2864C6BA53}.Release|Any CPU.ActiveCfg = Release|Any CPU
		{AC9D408A-10A6-4E83-9944-4B2864C6BA53}.Release|Any CPU.Build.0 = Release|Any CPU
	EndGlobalSection
	GlobalSection(SolutionProperties) = preSolution
		HideSolutionNode = FALSE
	EndGlobalSection
EndGlobal
